// !$*UTF8*$!
{
	archiveVersion = 1;
	classes = {
	};
	objectVersion = 56;
	objects = {

/* Begin PBXBuildFile section */
		324E424CB4C8BEA0EACBF1AF /* Pods_OzinsheTests.framework in Frameworks */ = {isa = PBXBuildFile; fileRef = 9532EB4224912321FE9E24E7 /* Pods_OzinsheTests.framework */; };
		3D4DD992D87FEDBEE7F17694 /* Pods_Ozinshe.framework in Frameworks */ = {isa = PBXBuildFile; fileRef = 4509A60C344781BD7872E041 /* Pods_Ozinshe.framework */; };
		6F10BACC2A39AD6D00E77E29 /* SigninViewController.swift in Sources */ = {isa = PBXBuildFile; fileRef = 6F10BACB2A39AD6D00E77E29 /* SigninViewController.swift */; };
		6F1B6D632A54210A0047F7AA /* Localizable.strings in Resources */ = {isa = PBXBuildFile; fileRef = 6F1B6D652A54210A0047F7AA /* Localizable.strings */; };
		6F6320752A4ADB2100316D11 /* Urls.swift in Sources */ = {isa = PBXBuildFile; fileRef = 6F6320742A4ADB2100316D11 /* Urls.swift */; };
		6F6320792A4AE2C700316D11 /* Storage.swift in Sources */ = {isa = PBXBuildFile; fileRef = 6F6320782A4AE2C700316D11 /* Storage.swift */; };
		6F63207C2A4AE5FF00316D11 /* TabBarController.swift in Sources */ = {isa = PBXBuildFile; fileRef = 6F63207B2A4AE5FF00316D11 /* TabBarController.swift */; };
		6F63207F2A4AFEE600316D11 /* ProfileViewController.swift in Sources */ = {isa = PBXBuildFile; fileRef = 6F63207E2A4AFEE600316D11 /* ProfileViewController.swift */; };
		6F6320812A4AFEFB00316D11 /* SettingsCellWithArrow.swift in Sources */ = {isa = PBXBuildFile; fileRef = 6F6320802A4AFEFB00316D11 /* SettingsCellWithArrow.swift */; };
		6F6320832A4B05BF00316D11 /* SettingsItem.swift in Sources */ = {isa = PBXBuildFile; fileRef = 6F6320822A4B05BF00316D11 /* SettingsItem.swift */; };
		6F6E10612A31038A00F2921E /* AppDelegate.swift in Sources */ = {isa = PBXBuildFile; fileRef = 6F6E10602A31038A00F2921E /* AppDelegate.swift */; };
		6F6E10632A31038A00F2921E /* SceneDelegate.swift in Sources */ = {isa = PBXBuildFile; fileRef = 6F6E10622A31038A00F2921E /* SceneDelegate.swift */; };
		6F6E10682A31038A00F2921E /* Main.storyboard in Resources */ = {isa = PBXBuildFile; fileRef = 6F6E10662A31038A00F2921E /* Main.storyboard */; };
		6F6E106A2A31038B00F2921E /* Assets.xcassets in Resources */ = {isa = PBXBuildFile; fileRef = 6F6E10692A31038B00F2921E /* Assets.xcassets */; };
		6F6E106D2A31038B00F2921E /* LaunchScreen.storyboard in Resources */ = {isa = PBXBuildFile; fileRef = 6F6E106B2A31038B00F2921E /* LaunchScreen.storyboard */; };
		6F6E10782A31038B00F2921E /* OzinsheTests.swift in Sources */ = {isa = PBXBuildFile; fileRef = 6F6E10772A31038B00F2921E /* OzinsheTests.swift */; };
		6F6E10822A31038B00F2921E /* OzinsheUITests.swift in Sources */ = {isa = PBXBuildFile; fileRef = 6F6E10812A31038B00F2921E /* OzinsheUITests.swift */; };
		6F6E10842A31038B00F2921E /* OzinsheUITestsLaunchTests.swift in Sources */ = {isa = PBXBuildFile; fileRef = 6F6E10832A31038B00F2921E /* OzinsheUITestsLaunchTests.swift */; };
		6F805DB72A4D9059009BAEF4 /* SettingsCellWithSwitch.swift in Sources */ = {isa = PBXBuildFile; fileRef = 6F805DB62A4D9059009BAEF4 /* SettingsCellWithSwitch.swift */; };
		6F805DB92A4DCA5C009BAEF4 /* EditProfileViewController.swift in Sources */ = {isa = PBXBuildFile; fileRef = 6F805DB82A4DCA5C009BAEF4 /* EditProfileViewController.swift */; };
		6F805DBB2A4DCC0A009BAEF4 /* LanguageViewController.swift in Sources */ = {isa = PBXBuildFile; fileRef = 6F805DBA2A4DCC0A009BAEF4 /* LanguageViewController.swift */; };
		6F805DBD2A4DCE0C009BAEF4 /* LogoutViewController.swift in Sources */ = {isa = PBXBuildFile; fileRef = 6F805DBC2A4DCE0C009BAEF4 /* LogoutViewController.swift */; };
		6F8279452A55F07B0035EFE0 /* ChangePasswordViewController.swift in Sources */ = {isa = PBXBuildFile; fileRef = 6F8279442A55F07B0035EFE0 /* ChangePasswordViewController.swift */; };
		6FB566E12A4F04A6008E0FB9 /* FavoriteTableViewController.swift in Sources */ = {isa = PBXBuildFile; fileRef = 6FB566E02A4F04A6008E0FB9 /* FavoriteTableViewController.swift */; };
		6FB566E32A4F0591008E0FB9 /* Movie.swift in Sources */ = {isa = PBXBuildFile; fileRef = 6FB566E22A4F0591008E0FB9 /* Movie.swift */; };
		6FE9FA7A2A337B0000044507 /* OnboardingViewController.swift in Sources */ = {isa = PBXBuildFile; fileRef = 6FE9FA792A337B0000044507 /* OnboardingViewController.swift */; };
		6FE9FA7C2A337C1B00044507 /* OnboardingCollectionViewCell.swift in Sources */ = {isa = PBXBuildFile; fileRef = 6FE9FA7B2A337C1B00044507 /* OnboardingCollectionViewCell.swift */; };
		6FE9FA7F2A344A1D00044507 /* OnboardingSlide.swift in Sources */ = {isa = PBXBuildFile; fileRef = 6FE9FA7E2A344A1D00044507 /* OnboardingSlide.swift */; };
		6FEEBA2B2A3B1E79000C8FD3 /* SignupViewController.swift in Sources */ = {isa = PBXBuildFile; fileRef = 6FEEBA2A2A3B1E79000C8FD3 /* SignupViewController.swift */; };
		6FEEBA2E2A3B23EF000C8FD3 /* TextField.swift in Sources */ = {isa = PBXBuildFile; fileRef = 6FEEBA2D2A3B23EF000C8FD3 /* TextField.swift */; };
		6FEEBA302A3B29E4000C8FD3 /* Button.swift in Sources */ = {isa = PBXBuildFile; fileRef = 6FEEBA2F2A3B29E4000C8FD3 /* Button.swift */; };
		6FEEBA712A3B3153000C8FD3 /* SFProDisplay-Bold.ttf in Resources */ = {isa = PBXBuildFile; fileRef = 6FEEBA6E2A3B3153000C8FD3 /* SFProDisplay-Bold.ttf */; };
		6FEEBA722A3B3153000C8FD3 /* SFProDisplay-Regular.ttf in Resources */ = {isa = PBXBuildFile; fileRef = 6FEEBA6F2A3B3153000C8FD3 /* SFProDisplay-Regular.ttf */; };
		6FEEBA732A3B3153000C8FD3 /* SFProDisplay-Semibold.otf in Resources */ = {isa = PBXBuildFile; fileRef = 6FEEBA702A3B3153000C8FD3 /* SFProDisplay-Semibold.otf */; };
		BF4F941C1B40D30F318FC030 /* Pods_Ozinshe_OzinsheUITests.framework in Frameworks */ = {isa = PBXBuildFile; fileRef = D67F0E42D93EC3174A8C52FE /* Pods_Ozinshe_OzinsheUITests.framework */; };
/* End PBXBuildFile section */

/* Begin PBXContainerItemProxy section */
		6F6E10742A31038B00F2921E /* PBXContainerItemProxy */ = {
			isa = PBXContainerItemProxy;
			containerPortal = 6F6E10552A31038A00F2921E /* Project object */;
			proxyType = 1;
			remoteGlobalIDString = 6F6E105C2A31038A00F2921E;
			remoteInfo = Ozinshe;
		};
		6F6E107E2A31038B00F2921E /* PBXContainerItemProxy */ = {
			isa = PBXContainerItemProxy;
			containerPortal = 6F6E10552A31038A00F2921E /* Project object */;
			proxyType = 1;
			remoteGlobalIDString = 6F6E105C2A31038A00F2921E;
			remoteInfo = Ozinshe;
		};
/* End PBXContainerItemProxy section */

/* Begin PBXFileReference section */
		3189A181E3721B49A9294130 /* Pods-OzinsheTests.debug.xcconfig */ = {isa = PBXFileReference; includeInIndex = 1; lastKnownFileType = text.xcconfig; name = "Pods-OzinsheTests.debug.xcconfig"; path = "Target Support Files/Pods-OzinsheTests/Pods-OzinsheTests.debug.xcconfig"; sourceTree = "<group>"; };
		428C798FAD1517D31A3F45A1 /* Pods-Ozinshe.debug.xcconfig */ = {isa = PBXFileReference; includeInIndex = 1; lastKnownFileType = text.xcconfig; name = "Pods-Ozinshe.debug.xcconfig"; path = "Target Support Files/Pods-Ozinshe/Pods-Ozinshe.debug.xcconfig"; sourceTree = "<group>"; };
		4509A60C344781BD7872E041 /* Pods_Ozinshe.framework */ = {isa = PBXFileReference; explicitFileType = wrapper.framework; includeInIndex = 0; path = Pods_Ozinshe.framework; sourceTree = BUILT_PRODUCTS_DIR; };
		6736D2454A4AA406084BEFC8 /* Pods-Ozinshe-OzinsheUITests.debug.xcconfig */ = {isa = PBXFileReference; includeInIndex = 1; lastKnownFileType = text.xcconfig; name = "Pods-Ozinshe-OzinsheUITests.debug.xcconfig"; path = "Target Support Files/Pods-Ozinshe-OzinsheUITests/Pods-Ozinshe-OzinsheUITests.debug.xcconfig"; sourceTree = "<group>"; };
		6F10BACB2A39AD6D00E77E29 /* SigninViewController.swift */ = {isa = PBXFileReference; lastKnownFileType = sourcecode.swift; path = SigninViewController.swift; sourceTree = "<group>"; };
		6F1B6D642A54210A0047F7AA /* en */ = {isa = PBXFileReference; lastKnownFileType = text.plist.strings; name = en; path = en.lproj/Localizable.strings; sourceTree = "<group>"; };
		6F1B6D662A54212D0047F7AA /* ru */ = {isa = PBXFileReference; lastKnownFileType = text.plist.strings; name = ru; path = ru.lproj/Localizable.strings; sourceTree = "<group>"; };
		6F1B6D672A5421450047F7AA /* kk */ = {isa = PBXFileReference; lastKnownFileType = text.plist.strings; name = kk; path = kk.lproj/Localizable.strings; sourceTree = "<group>"; };
		6F6320742A4ADB2100316D11 /* Urls.swift */ = {isa = PBXFileReference; lastKnownFileType = sourcecode.swift; path = Urls.swift; sourceTree = "<group>"; };
		6F6320782A4AE2C700316D11 /* Storage.swift */ = {isa = PBXFileReference; lastKnownFileType = sourcecode.swift; path = Storage.swift; sourceTree = "<group>"; };
		6F63207B2A4AE5FF00316D11 /* TabBarController.swift */ = {isa = PBXFileReference; lastKnownFileType = sourcecode.swift; path = TabBarController.swift; sourceTree = "<group>"; };
		6F63207E2A4AFEE600316D11 /* ProfileViewController.swift */ = {isa = PBXFileReference; lastKnownFileType = sourcecode.swift; path = ProfileViewController.swift; sourceTree = "<group>"; };
		6F6320802A4AFEFB00316D11 /* SettingsCellWithArrow.swift */ = {isa = PBXFileReference; lastKnownFileType = sourcecode.swift; path = SettingsCellWithArrow.swift; sourceTree = "<group>"; };
		6F6320822A4B05BF00316D11 /* SettingsItem.swift */ = {isa = PBXFileReference; lastKnownFileType = sourcecode.swift; path = SettingsItem.swift; sourceTree = "<group>"; };
		6F6E105D2A31038A00F2921E /* Ozinshe.app */ = {isa = PBXFileReference; explicitFileType = wrapper.application; includeInIndex = 0; path = Ozinshe.app; sourceTree = BUILT_PRODUCTS_DIR; };
		6F6E10602A31038A00F2921E /* AppDelegate.swift */ = {isa = PBXFileReference; lastKnownFileType = sourcecode.swift; path = AppDelegate.swift; sourceTree = "<group>"; };
		6F6E10622A31038A00F2921E /* SceneDelegate.swift */ = {isa = PBXFileReference; lastKnownFileType = sourcecode.swift; path = SceneDelegate.swift; sourceTree = "<group>"; };
		6F6E10672A31038A00F2921E /* Base */ = {isa = PBXFileReference; lastKnownFileType = file.storyboard; name = Base; path = Base.lproj/Main.storyboard; sourceTree = "<group>"; };
		6F6E10692A31038B00F2921E /* Assets.xcassets */ = {isa = PBXFileReference; lastKnownFileType = folder.assetcatalog; path = Assets.xcassets; sourceTree = "<group>"; };
		6F6E106C2A31038B00F2921E /* Base */ = {isa = PBXFileReference; lastKnownFileType = file.storyboard; name = Base; path = Base.lproj/LaunchScreen.storyboard; sourceTree = "<group>"; };
		6F6E106E2A31038B00F2921E /* Info.plist */ = {isa = PBXFileReference; lastKnownFileType = text.plist.xml; path = Info.plist; sourceTree = "<group>"; };
		6F6E10732A31038B00F2921E /* OzinsheTests.xctest */ = {isa = PBXFileReference; explicitFileType = wrapper.cfbundle; includeInIndex = 0; path = OzinsheTests.xctest; sourceTree = BUILT_PRODUCTS_DIR; };
		6F6E10772A31038B00F2921E /* OzinsheTests.swift */ = {isa = PBXFileReference; lastKnownFileType = sourcecode.swift; path = OzinsheTests.swift; sourceTree = "<group>"; };
		6F6E107D2A31038B00F2921E /* OzinsheUITests.xctest */ = {isa = PBXFileReference; explicitFileType = wrapper.cfbundle; includeInIndex = 0; path = OzinsheUITests.xctest; sourceTree = BUILT_PRODUCTS_DIR; };
		6F6E10812A31038B00F2921E /* OzinsheUITests.swift */ = {isa = PBXFileReference; lastKnownFileType = sourcecode.swift; path = OzinsheUITests.swift; sourceTree = "<group>"; };
		6F6E10832A31038B00F2921E /* OzinsheUITestsLaunchTests.swift */ = {isa = PBXFileReference; lastKnownFileType = sourcecode.swift; path = OzinsheUITestsLaunchTests.swift; sourceTree = "<group>"; };
		6F805DB62A4D9059009BAEF4 /* SettingsCellWithSwitch.swift */ = {isa = PBXFileReference; lastKnownFileType = sourcecode.swift; path = SettingsCellWithSwitch.swift; sourceTree = "<group>"; };
		6F805DB82A4DCA5C009BAEF4 /* EditProfileViewController.swift */ = {isa = PBXFileReference; lastKnownFileType = sourcecode.swift; path = EditProfileViewController.swift; sourceTree = "<group>"; };
		6F805DBA2A4DCC0A009BAEF4 /* LanguageViewController.swift */ = {isa = PBXFileReference; lastKnownFileType = sourcecode.swift; path = LanguageViewController.swift; sourceTree = "<group>"; };
		6F805DBC2A4DCE0C009BAEF4 /* LogoutViewController.swift */ = {isa = PBXFileReference; lastKnownFileType = sourcecode.swift; path = LogoutViewController.swift; sourceTree = "<group>"; };
		6F8279442A55F07B0035EFE0 /* ChangePasswordViewController.swift */ = {isa = PBXFileReference; lastKnownFileType = sourcecode.swift; path = ChangePasswordViewController.swift; sourceTree = "<group>"; };
		6FB566E02A4F04A6008E0FB9 /* FavoriteTableViewController.swift */ = {isa = PBXFileReference; lastKnownFileType = sourcecode.swift; path = FavoriteTableViewController.swift; sourceTree = "<group>"; };
		6FB566E22A4F0591008E0FB9 /* Movie.swift */ = {isa = PBXFileReference; lastKnownFileType = sourcecode.swift; path = Movie.swift; sourceTree = "<group>"; };
		6FE9FA792A337B0000044507 /* OnboardingViewController.swift */ = {isa = PBXFileReference; lastKnownFileType = sourcecode.swift; path = OnboardingViewController.swift; sourceTree = "<group>"; };
		6FE9FA7B2A337C1B00044507 /* OnboardingCollectionViewCell.swift */ = {isa = PBXFileReference; lastKnownFileType = sourcecode.swift; path = OnboardingCollectionViewCell.swift; sourceTree = "<group>"; };
		6FE9FA7E2A344A1D00044507 /* OnboardingSlide.swift */ = {isa = PBXFileReference; lastKnownFileType = sourcecode.swift; path = OnboardingSlide.swift; sourceTree = "<group>"; };
		6FEEBA2A2A3B1E79000C8FD3 /* SignupViewController.swift */ = {isa = PBXFileReference; lastKnownFileType = sourcecode.swift; path = SignupViewController.swift; sourceTree = "<group>"; };
		6FEEBA2D2A3B23EF000C8FD3 /* TextField.swift */ = {isa = PBXFileReference; lastKnownFileType = sourcecode.swift; path = TextField.swift; sourceTree = "<group>"; };
		6FEEBA2F2A3B29E4000C8FD3 /* Button.swift */ = {isa = PBXFileReference; lastKnownFileType = sourcecode.swift; path = Button.swift; sourceTree = "<group>"; };
		6FEEBA6E2A3B3153000C8FD3 /* SFProDisplay-Bold.ttf */ = {isa = PBXFileReference; lastKnownFileType = file; path = "SFProDisplay-Bold.ttf"; sourceTree = "<group>"; };
		6FEEBA6F2A3B3153000C8FD3 /* SFProDisplay-Regular.ttf */ = {isa = PBXFileReference; lastKnownFileType = file; path = "SFProDisplay-Regular.ttf"; sourceTree = "<group>"; };
		6FEEBA702A3B3153000C8FD3 /* SFProDisplay-Semibold.otf */ = {isa = PBXFileReference; lastKnownFileType = file; path = "SFProDisplay-Semibold.otf"; sourceTree = "<group>"; };
		72C24690EC49324451A3B008 /* Pods-Ozinshe-OzinsheUITests.release.xcconfig */ = {isa = PBXFileReference; includeInIndex = 1; lastKnownFileType = text.xcconfig; name = "Pods-Ozinshe-OzinsheUITests.release.xcconfig"; path = "Target Support Files/Pods-Ozinshe-OzinsheUITests/Pods-Ozinshe-OzinsheUITests.release.xcconfig"; sourceTree = "<group>"; };
		9532EB4224912321FE9E24E7 /* Pods_OzinsheTests.framework */ = {isa = PBXFileReference; explicitFileType = wrapper.framework; includeInIndex = 0; path = Pods_OzinsheTests.framework; sourceTree = BUILT_PRODUCTS_DIR; };
		B1494C705AB01FFCA662CB6F /* Pods-OzinsheTests.release.xcconfig */ = {isa = PBXFileReference; includeInIndex = 1; lastKnownFileType = text.xcconfig; name = "Pods-OzinsheTests.release.xcconfig"; path = "Target Support Files/Pods-OzinsheTests/Pods-OzinsheTests.release.xcconfig"; sourceTree = "<group>"; };
		B4A75437B021DAAC5B480FDF /* Pods-Ozinshe.release.xcconfig */ = {isa = PBXFileReference; includeInIndex = 1; lastKnownFileType = text.xcconfig; name = "Pods-Ozinshe.release.xcconfig"; path = "Target Support Files/Pods-Ozinshe/Pods-Ozinshe.release.xcconfig"; sourceTree = "<group>"; };
		D67F0E42D93EC3174A8C52FE /* Pods_Ozinshe_OzinsheUITests.framework */ = {isa = PBXFileReference; explicitFileType = wrapper.framework; includeInIndex = 0; path = Pods_Ozinshe_OzinsheUITests.framework; sourceTree = BUILT_PRODUCTS_DIR; };
/* End PBXFileReference section */

/* Begin PBXFrameworksBuildPhase section */
		6F6E105A2A31038A00F2921E /* Frameworks */ = {
			isa = PBXFrameworksBuildPhase;
			buildActionMask = 2147483647;
			files = (
				3D4DD992D87FEDBEE7F17694 /* Pods_Ozinshe.framework in Frameworks */,
			);
			runOnlyForDeploymentPostprocessing = 0;
		};
		6F6E10702A31038B00F2921E /* Frameworks */ = {
			isa = PBXFrameworksBuildPhase;
			buildActionMask = 2147483647;
			files = (
				324E424CB4C8BEA0EACBF1AF /* Pods_OzinsheTests.framework in Frameworks */,
			);
			runOnlyForDeploymentPostprocessing = 0;
		};
		6F6E107A2A31038B00F2921E /* Frameworks */ = {
			isa = PBXFrameworksBuildPhase;
			buildActionMask = 2147483647;
			files = (
				BF4F941C1B40D30F318FC030 /* Pods_Ozinshe_OzinsheUITests.framework in Frameworks */,
			);
			runOnlyForDeploymentPostprocessing = 0;
		};
/* End PBXFrameworksBuildPhase section */

/* Begin PBXGroup section */
		333DCF9961687923920C4268 /* Frameworks */ = {
			isa = PBXGroup;
			children = (
				4509A60C344781BD7872E041 /* Pods_Ozinshe.framework */,
				D67F0E42D93EC3174A8C52FE /* Pods_Ozinshe_OzinsheUITests.framework */,
				9532EB4224912321FE9E24E7 /* Pods_OzinsheTests.framework */,
			);
			name = Frameworks;
			sourceTree = "<group>";
		};
		3D0FE8C93E6D7420E97B5B89 /* Pods */ = {
			isa = PBXGroup;
			children = (
				428C798FAD1517D31A3F45A1 /* Pods-Ozinshe.debug.xcconfig */,
				B4A75437B021DAAC5B480FDF /* Pods-Ozinshe.release.xcconfig */,
				6736D2454A4AA406084BEFC8 /* Pods-Ozinshe-OzinsheUITests.debug.xcconfig */,
				72C24690EC49324451A3B008 /* Pods-Ozinshe-OzinsheUITests.release.xcconfig */,
				3189A181E3721B49A9294130 /* Pods-OzinsheTests.debug.xcconfig */,
				B1494C705AB01FFCA662CB6F /* Pods-OzinsheTests.release.xcconfig */,
			);
			path = Pods;
			sourceTree = "<group>";
		};
		6F6320762A4ADB2600316D11 /* Static */ = {
			isa = PBXGroup;
			children = (
				6F6320742A4ADB2100316D11 /* Urls.swift */,
			);
			path = Static;
			sourceTree = "<group>";
		};
		6F6320772A4AE2B500316D11 /* SharedInstance */ = {
			isa = PBXGroup;
			children = (
				6F6320782A4AE2C700316D11 /* Storage.swift */,
			);
			path = SharedInstance;
			sourceTree = "<group>";
		};
		6F63207A2A4AE5BB00316D11 /* TabBar */ = {
			isa = PBXGroup;
			children = (
				6F63207B2A4AE5FF00316D11 /* TabBarController.swift */,
			);
			path = TabBar;
			sourceTree = "<group>";
		};
		6F63207D2A4AFEBF00316D11 /* Profile */ = {
			isa = PBXGroup;
			children = (
				6F805DBC2A4DCE0C009BAEF4 /* LogoutViewController.swift */,
				6F805DB82A4DCA5C009BAEF4 /* EditProfileViewController.swift */,
				6F805DBA2A4DCC0A009BAEF4 /* LanguageViewController.swift */,
				6F63207E2A4AFEE600316D11 /* ProfileViewController.swift */,
				6F6320802A4AFEFB00316D11 /* SettingsCellWithArrow.swift */,
				6F805DB62A4D9059009BAEF4 /* SettingsCellWithSwitch.swift */,
				6F8279442A55F07B0035EFE0 /* ChangePasswordViewController.swift */,
			);
			path = Profile;
			sourceTree = "<group>";
		};
		6F6E10542A31038A00F2921E = {
			isa = PBXGroup;
			children = (
				6F6E105F2A31038A00F2921E /* Ozinshe */,
				6F6E10762A31038B00F2921E /* OzinsheTests */,
				6F6E10802A31038B00F2921E /* OzinsheUITests */,
				6F6E105E2A31038A00F2921E /* Products */,
				3D0FE8C93E6D7420E97B5B89 /* Pods */,
				333DCF9961687923920C4268 /* Frameworks */,
			);
			sourceTree = "<group>";
		};
		6F6E105E2A31038A00F2921E /* Products */ = {
			isa = PBXGroup;
			children = (
				6F6E105D2A31038A00F2921E /* Ozinshe.app */,
				6F6E10732A31038B00F2921E /* OzinsheTests.xctest */,
				6F6E107D2A31038B00F2921E /* OzinsheUITests.xctest */,
			);
			name = Products;
			sourceTree = "<group>";
		};
		6F6E105F2A31038A00F2921E /* Ozinshe */ = {
			isa = PBXGroup;
			children = (
				6F6320772A4AE2B500316D11 /* SharedInstance */,
				6F6320762A4ADB2600316D11 /* Static */,
				6FEEBA2C2A3B23D2000C8FD3 /* Components */,
				6FE9FA7D2A34499900044507 /* Models */,
				6FE9FA772A337A6F00044507 /* Resources */,
				6FE9FA762A337A4F00044507 /* ViewController */,
				6FE9FA752A337A2F00044507 /* Applications */,
				6F6E10662A31038A00F2921E /* Main.storyboard */,
				6F6E106B2A31038B00F2921E /* LaunchScreen.storyboard */,
				6F6E106E2A31038B00F2921E /* Info.plist */,
				6F1B6D652A54210A0047F7AA /* Localizable.strings */,
			);
			path = Ozinshe;
			sourceTree = "<group>";
		};
		6F6E10762A31038B00F2921E /* OzinsheTests */ = {
			isa = PBXGroup;
			children = (
				6F6E10772A31038B00F2921E /* OzinsheTests.swift */,
			);
			path = OzinsheTests;
			sourceTree = "<group>";
		};
		6F6E10802A31038B00F2921E /* OzinsheUITests */ = {
			isa = PBXGroup;
			children = (
				6F6E10812A31038B00F2921E /* OzinsheUITests.swift */,
				6F6E10832A31038B00F2921E /* OzinsheUITestsLaunchTests.swift */,
			);
			path = OzinsheUITests;
			sourceTree = "<group>";
		};
		6FE9FA752A337A2F00044507 /* Applications */ = {
			isa = PBXGroup;
			children = (
				6F6E10622A31038A00F2921E /* SceneDelegate.swift */,
				6F6E10602A31038A00F2921E /* AppDelegate.swift */,
			);
			path = Applications;
			sourceTree = "<group>";
		};
		6FE9FA762A337A4F00044507 /* ViewController */ = {
			isa = PBXGroup;
			children = (
				6F63207D2A4AFEBF00316D11 /* Profile */,
				6F63207A2A4AE5BB00316D11 /* TabBar */,
				6F10BACB2A39AD6D00E77E29 /* SigninViewController.swift */,
				6FEEBA2A2A3B1E79000C8FD3 /* SignupViewController.swift */,
				6FE9FA782A337AAB00044507 /* Onboarding */,
				6FB566E02A4F04A6008E0FB9 /* FavoriteTableViewController.swift */,
			);
			path = ViewController;
			sourceTree = "<group>";
		};
		6FE9FA772A337A6F00044507 /* Resources */ = {
			isa = PBXGroup;
			children = (
				6FEEBA6D2A3B3149000C8FD3 /* Fonts */,
				6F6E10692A31038B00F2921E /* Assets.xcassets */,
			);
			path = Resources;
			sourceTree = "<group>";
		};
		6FE9FA782A337AAB00044507 /* Onboarding */ = {
			isa = PBXGroup;
			children = (
				6FE9FA792A337B0000044507 /* OnboardingViewController.swift */,
				6FE9FA7B2A337C1B00044507 /* OnboardingCollectionViewCell.swift */,
			);
			path = Onboarding;
			sourceTree = "<group>";
		};
		6FE9FA7D2A34499900044507 /* Models */ = {
			isa = PBXGroup;
			children = (
				6FE9FA7E2A344A1D00044507 /* OnboardingSlide.swift */,
				6F6320822A4B05BF00316D11 /* SettingsItem.swift */,
				6FB566E22A4F0591008E0FB9 /* Movie.swift */,
			);
			path = Models;
			sourceTree = "<group>";
		};
		6FEEBA2C2A3B23D2000C8FD3 /* Components */ = {
			isa = PBXGroup;
			children = (
				6FEEBA2D2A3B23EF000C8FD3 /* TextField.swift */,
				6FEEBA2F2A3B29E4000C8FD3 /* Button.swift */,
			);
			path = Components;
			sourceTree = "<group>";
		};
		6FEEBA6D2A3B3149000C8FD3 /* Fonts */ = {
			isa = PBXGroup;
			children = (
				6FEEBA702A3B3153000C8FD3 /* SFProDisplay-Semibold.otf */,
				6FEEBA6E2A3B3153000C8FD3 /* SFProDisplay-Bold.ttf */,
				6FEEBA6F2A3B3153000C8FD3 /* SFProDisplay-Regular.ttf */,
			);
			path = Fonts;
			sourceTree = "<group>";
		};
/* End PBXGroup section */

/* Begin PBXNativeTarget section */
		6F6E105C2A31038A00F2921E /* Ozinshe */ = {
			isa = PBXNativeTarget;
			buildConfigurationList = 6F6E10872A31038B00F2921E /* Build configuration list for PBXNativeTarget "Ozinshe" */;
			buildPhases = (
				4835EE2C346ADC0628A65E14 /* [CP] Check Pods Manifest.lock */,
				6F6E10592A31038A00F2921E /* Sources */,
				6F6E105A2A31038A00F2921E /* Frameworks */,
				6F6E105B2A31038A00F2921E /* Resources */,
				F68594E4EF75EB8108EC9B8B /* [CP] Embed Pods Frameworks */,
			);
			buildRules = (
			);
			dependencies = (
			);
			name = Ozinshe;
			productName = Ozinshe;
			productReference = 6F6E105D2A31038A00F2921E /* Ozinshe.app */;
			productType = "com.apple.product-type.application";
		};
		6F6E10722A31038B00F2921E /* OzinsheTests */ = {
			isa = PBXNativeTarget;
			buildConfigurationList = 6F6E108A2A31038B00F2921E /* Build configuration list for PBXNativeTarget "OzinsheTests" */;
			buildPhases = (
				73E57FFBA1C1C5F4B9D9C080 /* [CP] Check Pods Manifest.lock */,
				6F6E106F2A31038B00F2921E /* Sources */,
				6F6E10702A31038B00F2921E /* Frameworks */,
				6F6E10712A31038B00F2921E /* Resources */,
			);
			buildRules = (
			);
			dependencies = (
				6F6E10752A31038B00F2921E /* PBXTargetDependency */,
			);
			name = OzinsheTests;
			productName = OzinsheTests;
			productReference = 6F6E10732A31038B00F2921E /* OzinsheTests.xctest */;
			productType = "com.apple.product-type.bundle.unit-test";
		};
		6F6E107C2A31038B00F2921E /* OzinsheUITests */ = {
			isa = PBXNativeTarget;
			buildConfigurationList = 6F6E108D2A31038B00F2921E /* Build configuration list for PBXNativeTarget "OzinsheUITests" */;
			buildPhases = (
				33E5E5F3E23324595E884D88 /* [CP] Check Pods Manifest.lock */,
				6F6E10792A31038B00F2921E /* Sources */,
				6F6E107A2A31038B00F2921E /* Frameworks */,
				6F6E107B2A31038B00F2921E /* Resources */,
				0727C2A0DFF1135DE50E2BA1 /* [CP] Embed Pods Frameworks */,
			);
			buildRules = (
			);
			dependencies = (
				6F6E107F2A31038B00F2921E /* PBXTargetDependency */,
			);
			name = OzinsheUITests;
			productName = OzinsheUITests;
			productReference = 6F6E107D2A31038B00F2921E /* OzinsheUITests.xctest */;
			productType = "com.apple.product-type.bundle.ui-testing";
		};
/* End PBXNativeTarget section */

/* Begin PBXProject section */
		6F6E10552A31038A00F2921E /* Project object */ = {
			isa = PBXProject;
			attributes = {
				BuildIndependentTargetsInParallel = 1;
				LastSwiftUpdateCheck = 1430;
				LastUpgradeCheck = 1430;
				TargetAttributes = {
					6F6E105C2A31038A00F2921E = {
						CreatedOnToolsVersion = 14.3;
					};
					6F6E10722A31038B00F2921E = {
						CreatedOnToolsVersion = 14.3;
						TestTargetID = 6F6E105C2A31038A00F2921E;
					};
					6F6E107C2A31038B00F2921E = {
						CreatedOnToolsVersion = 14.3;
						TestTargetID = 6F6E105C2A31038A00F2921E;
					};
				};
			};
			buildConfigurationList = 6F6E10582A31038A00F2921E /* Build configuration list for PBXProject "Ozinshe" */;
			compatibilityVersion = "Xcode 14.0";
			developmentRegion = en;
			hasScannedForEncodings = 0;
			knownRegions = (
				en,
				Base,
				ru,
				kk,
			);
			mainGroup = 6F6E10542A31038A00F2921E;
			productRefGroup = 6F6E105E2A31038A00F2921E /* Products */;
			projectDirPath = "";
			projectRoot = "";
			targets = (
				6F6E105C2A31038A00F2921E /* Ozinshe */,
				6F6E10722A31038B00F2921E /* OzinsheTests */,
				6F6E107C2A31038B00F2921E /* OzinsheUITests */,
			);
		};
/* End PBXProject section */

/* Begin PBXResourcesBuildPhase section */
		6F6E105B2A31038A00F2921E /* Resources */ = {
			isa = PBXResourcesBuildPhase;
			buildActionMask = 2147483647;
			files = (
				6FEEBA732A3B3153000C8FD3 /* SFProDisplay-Semibold.otf in Resources */,
				6F6E106D2A31038B00F2921E /* LaunchScreen.storyboard in Resources */,
				6F6E106A2A31038B00F2921E /* Assets.xcassets in Resources */,
				6F1B6D632A54210A0047F7AA /* Localizable.strings in Resources */,
				6F6E10682A31038A00F2921E /* Main.storyboard in Resources */,
				6FEEBA722A3B3153000C8FD3 /* SFProDisplay-Regular.ttf in Resources */,
				6FEEBA712A3B3153000C8FD3 /* SFProDisplay-Bold.ttf in Resources */,
			);
			runOnlyForDeploymentPostprocessing = 0;
		};
		6F6E10712A31038B00F2921E /* Resources */ = {
			isa = PBXResourcesBuildPhase;
			buildActionMask = 2147483647;
			files = (
			);
			runOnlyForDeploymentPostprocessing = 0;
		};
		6F6E107B2A31038B00F2921E /* Resources */ = {
			isa = PBXResourcesBuildPhase;
			buildActionMask = 2147483647;
			files = (
			);
			runOnlyForDeploymentPostprocessing = 0;
		};
/* End PBXResourcesBuildPhase section */

/* Begin PBXShellScriptBuildPhase section */
		0727C2A0DFF1135DE50E2BA1 /* [CP] Embed Pods Frameworks */ = {
			isa = PBXShellScriptBuildPhase;
			buildActionMask = 2147483647;
			files = (
			);
			inputFileListPaths = (
				"${PODS_ROOT}/Target Support Files/Pods-Ozinshe-OzinsheUITests/Pods-Ozinshe-OzinsheUITests-frameworks-${CONFIGURATION}-input-files.xcfilelist",
			);
			name = "[CP] Embed Pods Frameworks";
			outputFileListPaths = (
				"${PODS_ROOT}/Target Support Files/Pods-Ozinshe-OzinsheUITests/Pods-Ozinshe-OzinsheUITests-frameworks-${CONFIGURATION}-output-files.xcfilelist",
			);
			runOnlyForDeploymentPostprocessing = 0;
			shellPath = /bin/sh;
			shellScript = "\"${PODS_ROOT}/Target Support Files/Pods-Ozinshe-OzinsheUITests/Pods-Ozinshe-OzinsheUITests-frameworks.sh\"\n";
			showEnvVarsInLog = 0;
		};
		33E5E5F3E23324595E884D88 /* [CP] Check Pods Manifest.lock */ = {
			isa = PBXShellScriptBuildPhase;
			buildActionMask = 2147483647;
			files = (
			);
			inputFileListPaths = (
			);
			inputPaths = (
				"${PODS_PODFILE_DIR_PATH}/Podfile.lock",
				"${PODS_ROOT}/Manifest.lock",
			);
			name = "[CP] Check Pods Manifest.lock";
			outputFileListPaths = (
			);
			outputPaths = (
				"$(DERIVED_FILE_DIR)/Pods-Ozinshe-OzinsheUITests-checkManifestLockResult.txt",
			);
			runOnlyForDeploymentPostprocessing = 0;
			shellPath = /bin/sh;
			shellScript = "diff \"${PODS_PODFILE_DIR_PATH}/Podfile.lock\" \"${PODS_ROOT}/Manifest.lock\" > /dev/null\nif [ $? != 0 ] ; then\n    # print error to STDERR\n    echo \"error: The sandbox is not in sync with the Podfile.lock. Run 'pod install' or update your CocoaPods installation.\" >&2\n    exit 1\nfi\n# This output is used by Xcode 'outputs' to avoid re-running this script phase.\necho \"SUCCESS\" > \"${SCRIPT_OUTPUT_FILE_0}\"\n";
			showEnvVarsInLog = 0;
		};
		4835EE2C346ADC0628A65E14 /* [CP] Check Pods Manifest.lock */ = {
			isa = PBXShellScriptBuildPhase;
			buildActionMask = 2147483647;
			files = (
			);
			inputFileListPaths = (
			);
			inputPaths = (
				"${PODS_PODFILE_DIR_PATH}/Podfile.lock",
				"${PODS_ROOT}/Manifest.lock",
			);
			name = "[CP] Check Pods Manifest.lock";
			outputFileListPaths = (
			);
			outputPaths = (
				"$(DERIVED_FILE_DIR)/Pods-Ozinshe-checkManifestLockResult.txt",
			);
			runOnlyForDeploymentPostprocessing = 0;
			shellPath = /bin/sh;
			shellScript = "diff \"${PODS_PODFILE_DIR_PATH}/Podfile.lock\" \"${PODS_ROOT}/Manifest.lock\" > /dev/null\nif [ $? != 0 ] ; then\n    # print error to STDERR\n    echo \"error: The sandbox is not in sync with the Podfile.lock. Run 'pod install' or update your CocoaPods installation.\" >&2\n    exit 1\nfi\n# This output is used by Xcode 'outputs' to avoid re-running this script phase.\necho \"SUCCESS\" > \"${SCRIPT_OUTPUT_FILE_0}\"\n";
			showEnvVarsInLog = 0;
		};
		73E57FFBA1C1C5F4B9D9C080 /* [CP] Check Pods Manifest.lock */ = {
			isa = PBXShellScriptBuildPhase;
			buildActionMask = 2147483647;
			files = (
			);
			inputFileListPaths = (
			);
			inputPaths = (
				"${PODS_PODFILE_DIR_PATH}/Podfile.lock",
				"${PODS_ROOT}/Manifest.lock",
			);
			name = "[CP] Check Pods Manifest.lock";
			outputFileListPaths = (
			);
			outputPaths = (
				"$(DERIVED_FILE_DIR)/Pods-OzinsheTests-checkManifestLockResult.txt",
			);
			runOnlyForDeploymentPostprocessing = 0;
			shellPath = /bin/sh;
			shellScript = "diff \"${PODS_PODFILE_DIR_PATH}/Podfile.lock\" \"${PODS_ROOT}/Manifest.lock\" > /dev/null\nif [ $? != 0 ] ; then\n    # print error to STDERR\n    echo \"error: The sandbox is not in sync with the Podfile.lock. Run 'pod install' or update your CocoaPods installation.\" >&2\n    exit 1\nfi\n# This output is used by Xcode 'outputs' to avoid re-running this script phase.\necho \"SUCCESS\" > \"${SCRIPT_OUTPUT_FILE_0}\"\n";
			showEnvVarsInLog = 0;
		};
		F68594E4EF75EB8108EC9B8B /* [CP] Embed Pods Frameworks */ = {
			isa = PBXShellScriptBuildPhase;
			buildActionMask = 2147483647;
			files = (
			);
			inputFileListPaths = (
				"${PODS_ROOT}/Target Support Files/Pods-Ozinshe/Pods-Ozinshe-frameworks-${CONFIGURATION}-input-files.xcfilelist",
			);
			name = "[CP] Embed Pods Frameworks";
			outputFileListPaths = (
				"${PODS_ROOT}/Target Support Files/Pods-Ozinshe/Pods-Ozinshe-frameworks-${CONFIGURATION}-output-files.xcfilelist",
			);
			runOnlyForDeploymentPostprocessing = 0;
			shellPath = /bin/sh;
			shellScript = "\"${PODS_ROOT}/Target Support Files/Pods-Ozinshe/Pods-Ozinshe-frameworks.sh\"\n";
			showEnvVarsInLog = 0;
		};
/* End PBXShellScriptBuildPhase section */

/* Begin PBXSourcesBuildPhase section */
		6F6E10592A31038A00F2921E /* Sources */ = {
			isa = PBXSourcesBuildPhase;
			buildActionMask = 2147483647;
			files = (
				6FE9FA7F2A344A1D00044507 /* OnboardingSlide.swift in Sources */,
				6F805DB72A4D9059009BAEF4 /* SettingsCellWithSwitch.swift in Sources */,
				6F805DBB2A4DCC0A009BAEF4 /* LanguageViewController.swift in Sources */,
				6F6320792A4AE2C700316D11 /* Storage.swift in Sources */,
				6FEEBA2B2A3B1E79000C8FD3 /* SignupViewController.swift in Sources */,
				6FB566E12A4F04A6008E0FB9 /* FavoriteTableViewController.swift in Sources */,
				6F6E10612A31038A00F2921E /* AppDelegate.swift in Sources */,
				6FEEBA2E2A3B23EF000C8FD3 /* TextField.swift in Sources */,
				6F6320812A4AFEFB00316D11 /* SettingsCellWithArrow.swift in Sources */,
				6F10BACC2A39AD6D00E77E29 /* SigninViewController.swift in Sources */,
				6FE9FA7A2A337B0000044507 /* OnboardingViewController.swift in Sources */,
				6F8279452A55F07B0035EFE0 /* ChangePasswordViewController.swift in Sources */,
				6F805DBD2A4DCE0C009BAEF4 /* LogoutViewController.swift in Sources */,
				6F6E10632A31038A00F2921E /* SceneDelegate.swift in Sources */,
				6F805DB92A4DCA5C009BAEF4 /* EditProfileViewController.swift in Sources */,
				6FB566E32A4F0591008E0FB9 /* Movie.swift in Sources */,
				6FEEBA302A3B29E4000C8FD3 /* Button.swift in Sources */,
				6F63207C2A4AE5FF00316D11 /* TabBarController.swift in Sources */,
				6F6320832A4B05BF00316D11 /* SettingsItem.swift in Sources */,
				6F63207F2A4AFEE600316D11 /* ProfileViewController.swift in Sources */,
				6FE9FA7C2A337C1B00044507 /* OnboardingCollectionViewCell.swift in Sources */,
				6F6320752A4ADB2100316D11 /* Urls.swift in Sources */,
			);
			runOnlyForDeploymentPostprocessing = 0;
		};
		6F6E106F2A31038B00F2921E /* Sources */ = {
			isa = PBXSourcesBuildPhase;
			buildActionMask = 2147483647;
			files = (
				6F6E10782A31038B00F2921E /* OzinsheTests.swift in Sources */,
			);
			runOnlyForDeploymentPostprocessing = 0;
		};
		6F6E10792A31038B00F2921E /* Sources */ = {
			isa = PBXSourcesBuildPhase;
			buildActionMask = 2147483647;
			files = (
				6F6E10822A31038B00F2921E /* OzinsheUITests.swift in Sources */,
				6F6E10842A31038B00F2921E /* OzinsheUITestsLaunchTests.swift in Sources */,
			);
			runOnlyForDeploymentPostprocessing = 0;
		};
/* End PBXSourcesBuildPhase section */

/* Begin PBXTargetDependency section */
		6F6E10752A31038B00F2921E /* PBXTargetDependency */ = {
			isa = PBXTargetDependency;
			target = 6F6E105C2A31038A00F2921E /* Ozinshe */;
			targetProxy = 6F6E10742A31038B00F2921E /* PBXContainerItemProxy */;
		};
		6F6E107F2A31038B00F2921E /* PBXTargetDependency */ = {
			isa = PBXTargetDependency;
			target = 6F6E105C2A31038A00F2921E /* Ozinshe */;
			targetProxy = 6F6E107E2A31038B00F2921E /* PBXContainerItemProxy */;
		};
/* End PBXTargetDependency section */

/* Begin PBXVariantGroup section */
		6F1B6D652A54210A0047F7AA /* Localizable.strings */ = {
			isa = PBXVariantGroup;
			children = (
				6F1B6D642A54210A0047F7AA /* en */,
				6F1B6D662A54212D0047F7AA /* ru */,
				6F1B6D672A5421450047F7AA /* kk */,
			);
			name = Localizable.strings;
			sourceTree = "<group>";
		};
		6F6E10662A31038A00F2921E /* Main.storyboard */ = {
			isa = PBXVariantGroup;
			children = (
				6F6E10672A31038A00F2921E /* Base */,
			);
			name = Main.storyboard;
			sourceTree = "<group>";
		};
		6F6E106B2A31038B00F2921E /* LaunchScreen.storyboard */ = {
			isa = PBXVariantGroup;
			children = (
				6F6E106C2A31038B00F2921E /* Base */,
			);
			name = LaunchScreen.storyboard;
			sourceTree = "<group>";
		};
/* End PBXVariantGroup section */

/* Begin XCBuildConfiguration section */
		6F6E10852A31038B00F2921E /* Debug */ = {
			isa = XCBuildConfiguration;
			buildSettings = {
				ALWAYS_SEARCH_USER_PATHS = NO;
				CLANG_ANALYZER_LOCALIZABILITY_NONLOCALIZED = YES;
				CLANG_ANALYZER_NONNULL = YES;
				CLANG_ANALYZER_NUMBER_OBJECT_CONVERSION = YES_AGGRESSIVE;
				CLANG_CXX_LANGUAGE_STANDARD = "gnu++20";
				CLANG_ENABLE_MODULES = YES;
				CLANG_ENABLE_OBJC_ARC = YES;
				CLANG_ENABLE_OBJC_WEAK = YES;
				CLANG_WARN_BLOCK_CAPTURE_AUTORELEASING = YES;
				CLANG_WARN_BOOL_CONVERSION = YES;
				CLANG_WARN_COMMA = YES;
				CLANG_WARN_CONSTANT_CONVERSION = YES;
				CLANG_WARN_DEPRECATED_OBJC_IMPLEMENTATIONS = YES;
				CLANG_WARN_DIRECT_OBJC_ISA_USAGE = YES_ERROR;
				CLANG_WARN_DOCUMENTATION_COMMENTS = YES;
				CLANG_WARN_EMPTY_BODY = YES;
				CLANG_WARN_ENUM_CONVERSION = YES;
				CLANG_WARN_INFINITE_RECURSION = YES;
				CLANG_WARN_INT_CONVERSION = YES;
				CLANG_WARN_NON_LITERAL_NULL_CONVERSION = YES;
				CLANG_WARN_OBJC_IMPLICIT_RETAIN_SELF = YES;
				CLANG_WARN_OBJC_LITERAL_CONVERSION = YES;
				CLANG_WARN_OBJC_ROOT_CLASS = YES_ERROR;
				CLANG_WARN_QUOTED_INCLUDE_IN_FRAMEWORK_HEADER = YES;
				CLANG_WARN_RANGE_LOOP_ANALYSIS = YES;
				CLANG_WARN_STRICT_PROTOTYPES = YES;
				CLANG_WARN_SUSPICIOUS_MOVE = YES;
				CLANG_WARN_UNGUARDED_AVAILABILITY = YES_AGGRESSIVE;
				CLANG_WARN_UNREACHABLE_CODE = YES;
				CLANG_WARN__DUPLICATE_METHOD_MATCH = YES;
				COPY_PHASE_STRIP = NO;
				DEBUG_INFORMATION_FORMAT = dwarf;
				ENABLE_STRICT_OBJC_MSGSEND = YES;
				ENABLE_TESTABILITY = YES;
				GCC_C_LANGUAGE_STANDARD = gnu11;
				GCC_DYNAMIC_NO_PIC = NO;
				GCC_NO_COMMON_BLOCKS = YES;
				GCC_OPTIMIZATION_LEVEL = 0;
				GCC_PREPROCESSOR_DEFINITIONS = (
					"DEBUG=1",
					"$(inherited)",
				);
				GCC_WARN_64_TO_32_BIT_CONVERSION = YES;
				GCC_WARN_ABOUT_RETURN_TYPE = YES_ERROR;
				GCC_WARN_UNDECLARED_SELECTOR = YES;
				GCC_WARN_UNINITIALIZED_AUTOS = YES_AGGRESSIVE;
				GCC_WARN_UNUSED_FUNCTION = YES;
				GCC_WARN_UNUSED_VARIABLE = YES;
				IPHONEOS_DEPLOYMENT_TARGET = 16.4;
				MTL_ENABLE_DEBUG_INFO = INCLUDE_SOURCE;
				MTL_FAST_MATH = YES;
				ONLY_ACTIVE_ARCH = YES;
				SDKROOT = iphoneos;
				SWIFT_ACTIVE_COMPILATION_CONDITIONS = DEBUG;
				SWIFT_OPTIMIZATION_LEVEL = "-Onone";
			};
			name = Debug;
		};
		6F6E10862A31038B00F2921E /* Release */ = {
			isa = XCBuildConfiguration;
			buildSettings = {
				ALWAYS_SEARCH_USER_PATHS = NO;
				CLANG_ANALYZER_LOCALIZABILITY_NONLOCALIZED = YES;
				CLANG_ANALYZER_NONNULL = YES;
				CLANG_ANALYZER_NUMBER_OBJECT_CONVERSION = YES_AGGRESSIVE;
				CLANG_CXX_LANGUAGE_STANDARD = "gnu++20";
				CLANG_ENABLE_MODULES = YES;
				CLANG_ENABLE_OBJC_ARC = YES;
				CLANG_ENABLE_OBJC_WEAK = YES;
				CLANG_WARN_BLOCK_CAPTURE_AUTORELEASING = YES;
				CLANG_WARN_BOOL_CONVERSION = YES;
				CLANG_WARN_COMMA = YES;
				CLANG_WARN_CONSTANT_CONVERSION = YES;
				CLANG_WARN_DEPRECATED_OBJC_IMPLEMENTATIONS = YES;
				CLANG_WARN_DIRECT_OBJC_ISA_USAGE = YES_ERROR;
				CLANG_WARN_DOCUMENTATION_COMMENTS = YES;
				CLANG_WARN_EMPTY_BODY = YES;
				CLANG_WARN_ENUM_CONVERSION = YES;
				CLANG_WARN_INFINITE_RECURSION = YES;
				CLANG_WARN_INT_CONVERSION = YES;
				CLANG_WARN_NON_LITERAL_NULL_CONVERSION = YES;
				CLANG_WARN_OBJC_IMPLICIT_RETAIN_SELF = YES;
				CLANG_WARN_OBJC_LITERAL_CONVERSION = YES;
				CLANG_WARN_OBJC_ROOT_CLASS = YES_ERROR;
				CLANG_WARN_QUOTED_INCLUDE_IN_FRAMEWORK_HEADER = YES;
				CLANG_WARN_RANGE_LOOP_ANALYSIS = YES;
				CLANG_WARN_STRICT_PROTOTYPES = YES;
				CLANG_WARN_SUSPICIOUS_MOVE = YES;
				CLANG_WARN_UNGUARDED_AVAILABILITY = YES_AGGRESSIVE;
				CLANG_WARN_UNREACHABLE_CODE = YES;
				CLANG_WARN__DUPLICATE_METHOD_MATCH = YES;
				COPY_PHASE_STRIP = NO;
				DEBUG_INFORMATION_FORMAT = "dwarf-with-dsym";
				ENABLE_NS_ASSERTIONS = NO;
				ENABLE_STRICT_OBJC_MSGSEND = YES;
				GCC_C_LANGUAGE_STANDARD = gnu11;
				GCC_NO_COMMON_BLOCKS = YES;
				GCC_WARN_64_TO_32_BIT_CONVERSION = YES;
				GCC_WARN_ABOUT_RETURN_TYPE = YES_ERROR;
				GCC_WARN_UNDECLARED_SELECTOR = YES;
				GCC_WARN_UNINITIALIZED_AUTOS = YES_AGGRESSIVE;
				GCC_WARN_UNUSED_FUNCTION = YES;
				GCC_WARN_UNUSED_VARIABLE = YES;
				IPHONEOS_DEPLOYMENT_TARGET = 16.4;
				MTL_ENABLE_DEBUG_INFO = NO;
				MTL_FAST_MATH = YES;
				SDKROOT = iphoneos;
				SWIFT_COMPILATION_MODE = wholemodule;
				SWIFT_OPTIMIZATION_LEVEL = "-O";
				VALIDATE_PRODUCT = YES;
			};
			name = Release;
		};
		6F6E10882A31038B00F2921E /* Debug */ = {
			isa = XCBuildConfiguration;
			baseConfigurationReference = 428C798FAD1517D31A3F45A1 /* Pods-Ozinshe.debug.xcconfig */;
			buildSettings = {
				ASSETCATALOG_COMPILER_APPICON_NAME = AppIcon;
				ASSETCATALOG_COMPILER_GLOBAL_ACCENT_COLOR_NAME = AccentColor;
				CODE_SIGN_STYLE = Automatic;
				CURRENT_PROJECT_VERSION = 1;
				GENERATE_INFOPLIST_FILE = YES;
				INFOPLIST_FILE = Ozinshe/Info.plist;
				INFOPLIST_KEY_UIApplicationSupportsIndirectInputEvents = YES;
				INFOPLIST_KEY_UILaunchStoryboardName = LaunchScreen;
				INFOPLIST_KEY_UIMainStoryboardFile = Main;
				INFOPLIST_KEY_UISupportedInterfaceOrientations_iPad = "UIInterfaceOrientationPortrait UIInterfaceOrientationPortraitUpsideDown UIInterfaceOrientationLandscapeLeft UIInterfaceOrientationLandscapeRight";
				INFOPLIST_KEY_UISupportedInterfaceOrientations_iPhone = "UIInterfaceOrientationPortrait UIInterfaceOrientationLandscapeLeft UIInterfaceOrientationLandscapeRight";
				LD_RUNPATH_SEARCH_PATHS = (
					"$(inherited)",
					"@executable_path/Frameworks",
				);
				MARKETING_VERSION = 1.0;
				PRODUCT_BUNDLE_IDENTIFIER = naz.Ozinshe;
				PRODUCT_NAME = "$(TARGET_NAME)";
				SWIFT_EMIT_LOC_STRINGS = YES;
				SWIFT_VERSION = 5.0;
				TARGETED_DEVICE_FAMILY = "1,2";
			};
			name = Debug;
		};
		6F6E10892A31038B00F2921E /* Release */ = {
			isa = XCBuildConfiguration;
			baseConfigurationReference = B4A75437B021DAAC5B480FDF /* Pods-Ozinshe.release.xcconfig */;
			buildSettings = {
				ASSETCATALOG_COMPILER_APPICON_NAME = AppIcon;
				ASSETCATALOG_COMPILER_GLOBAL_ACCENT_COLOR_NAME = AccentColor;
				CODE_SIGN_STYLE = Automatic;
				CURRENT_PROJECT_VERSION = 1;
				GENERATE_INFOPLIST_FILE = YES;
				INFOPLIST_FILE = Ozinshe/Info.plist;
				INFOPLIST_KEY_UIApplicationSupportsIndirectInputEvents = YES;
				INFOPLIST_KEY_UILaunchStoryboardName = LaunchScreen;
				INFOPLIST_KEY_UIMainStoryboardFile = Main;
				INFOPLIST_KEY_UISupportedInterfaceOrientations_iPad = "UIInterfaceOrientationPortrait UIInterfaceOrientationPortraitUpsideDown UIInterfaceOrientationLandscapeLeft UIInterfaceOrientationLandscapeRight";
				INFOPLIST_KEY_UISupportedInterfaceOrientations_iPhone = "UIInterfaceOrientationPortrait UIInterfaceOrientationLandscapeLeft UIInterfaceOrientationLandscapeRight";
				LD_RUNPATH_SEARCH_PATHS = (
					"$(inherited)",
					"@executable_path/Frameworks",
				);
				MARKETING_VERSION = 1.0;
				PRODUCT_BUNDLE_IDENTIFIER = naz.Ozinshe;
				PRODUCT_NAME = "$(TARGET_NAME)";
				SWIFT_EMIT_LOC_STRINGS = YES;
				SWIFT_VERSION = 5.0;
				TARGETED_DEVICE_FAMILY = "1,2";
			};
			name = Release;
		};
		6F6E108B2A31038B00F2921E /* Debug */ = {
			isa = XCBuildConfiguration;
			baseConfigurationReference = 3189A181E3721B49A9294130 /* Pods-OzinsheTests.debug.xcconfig */;
			buildSettings = {
				ALWAYS_EMBED_SWIFT_STANDARD_LIBRARIES = YES;
				BUNDLE_LOADER = "$(TEST_HOST)";
				CODE_SIGN_STYLE = Automatic;
				CURRENT_PROJECT_VERSION = 1;
				GENERATE_INFOPLIST_FILE = YES;
				IPHONEOS_DEPLOYMENT_TARGET = 16.4;
				MARKETING_VERSION = 1.0;
				PRODUCT_BUNDLE_IDENTIFIER = naz.OzinsheTests;
				PRODUCT_NAME = "$(TARGET_NAME)";
				SWIFT_EMIT_LOC_STRINGS = NO;
				SWIFT_VERSION = 5.0;
				TARGETED_DEVICE_FAMILY = "1,2";
				TEST_HOST = "$(BUILT_PRODUCTS_DIR)/Ozinshe.app/$(BUNDLE_EXECUTABLE_FOLDER_PATH)/Ozinshe";
			};
			name = Debug;
		};
		6F6E108C2A31038B00F2921E /* Release */ = {
			isa = XCBuildConfiguration;
			baseConfigurationReference = B1494C705AB01FFCA662CB6F /* Pods-OzinsheTests.release.xcconfig */;
			buildSettings = {
				ALWAYS_EMBED_SWIFT_STANDARD_LIBRARIES = YES;
				BUNDLE_LOADER = "$(TEST_HOST)";
				CODE_SIGN_STYLE = Automatic;
				CURRENT_PROJECT_VERSION = 1;
				GENERATE_INFOPLIST_FILE = YES;
				IPHONEOS_DEPLOYMENT_TARGET = 16.4;
				MARKETING_VERSION = 1.0;
				PRODUCT_BUNDLE_IDENTIFIER = naz.OzinsheTests;
				PRODUCT_NAME = "$(TARGET_NAME)";
				SWIFT_EMIT_LOC_STRINGS = NO;
				SWIFT_VERSION = 5.0;
				TARGETED_DEVICE_FAMILY = "1,2";
				TEST_HOST = "$(BUILT_PRODUCTS_DIR)/Ozinshe.app/$(BUNDLE_EXECUTABLE_FOLDER_PATH)/Ozinshe";
			};
			name = Release;
		};
		6F6E108E2A31038B00F2921E /* Debug */ = {
			isa = XCBuildConfiguration;
			baseConfigurationReference = 6736D2454A4AA406084BEFC8 /* Pods-Ozinshe-OzinsheUITests.debug.xcconfig */;
			buildSettings = {
				ALWAYS_EMBED_SWIFT_STANDARD_LIBRARIES = YES;
				CODE_SIGN_STYLE = Automatic;
				CURRENT_PROJECT_VERSION = 1;
				GENERATE_INFOPLIST_FILE = YES;
				MARKETING_VERSION = 1.0;
				PRODUCT_BUNDLE_IDENTIFIER = naz.OzinsheUITests;
				PRODUCT_NAME = "$(TARGET_NAME)";
				SWIFT_EMIT_LOC_STRINGS = NO;
				SWIFT_VERSION = 5.0;
				TARGETED_DEVICE_FAMILY = "1,2";
				TEST_TARGET_NAME = Ozinshe;
			};
			name = Debug;
		};
		6F6E108F2A31038B00F2921E /* Release */ = {
			isa = XCBuildConfiguration;
			baseConfigurationReference = 72C24690EC49324451A3B008 /* Pods-Ozinshe-OzinsheUITests.release.xcconfig */;
			buildSettings = {
				ALWAYS_EMBED_SWIFT_STANDARD_LIBRARIES = YES;
				CODE_SIGN_STYLE = Automatic;
				CURRENT_PROJECT_VERSION = 1;
				GENERATE_INFOPLIST_FILE = YES;
				MARKETING_VERSION = 1.0;
				PRODUCT_BUNDLE_IDENTIFIER = naz.OzinsheUITests;
				PRODUCT_NAME = "$(TARGET_NAME)";
				SWIFT_EMIT_LOC_STRINGS = NO;
				SWIFT_VERSION = 5.0;
				TARGETED_DEVICE_FAMILY = "1,2";
				TEST_TARGET_NAME = Ozinshe;
			};
			name = Release;
		};
/* End XCBuildConfiguration section */

/* Begin XCConfigurationList section */
		6F6E10582A31038A00F2921E /* Build configuration list for PBXProject "Ozinshe" */ = {
			isa = XCConfigurationList;
			buildConfigurations = (
				6F6E10852A31038B00F2921E /* Debug */,
				6F6E10862A31038B00F2921E /* Release */,
			);
			defaultConfigurationIsVisible = 0;
			defaultConfigurationName = Release;
		};
		6F6E10872A31038B00F2921E /* Build configuration list for PBXNativeTarget "Ozinshe" */ = {
			isa = XCConfigurationList;
			buildConfigurations = (
				6F6E10882A31038B00F2921E /* Debug */,
				6F6E10892A31038B00F2921E /* Release */,
			);
			defaultConfigurationIsVisible = 0;
			defaultConfigurationName = Release;
		};
		6F6E108A2A31038B00F2921E /* Build configuration list for PBXNativeTarget "OzinsheTests" */ = {
			isa = XCConfigurationList;
			buildConfigurations = (
				6F6E108B2A31038B00F2921E /* Debug */,
				6F6E108C2A31038B00F2921E /* Release */,
			);
			defaultConfigurationIsVisible = 0;
			defaultConfigurationName = Release;
		};
		6F6E108D2A31038B00F2921E /* Build configuration list for PBXNativeTarget "OzinsheUITests" */ = {
			isa = XCConfigurationList;
			buildConfigurations = (
				6F6E108E2A31038B00F2921E /* Debug */,
				6F6E108F2A31038B00F2921E /* Release */,
			);
			defaultConfigurationIsVisible = 0;
			defaultConfigurationName = Release;
		};
/* End XCConfigurationList section */
	};
	rootObject = 6F6E10552A31038A00F2921E /* Project object */;
}
